{
    "hash": "5e881b745f3f591b03a8a3f4de61dc11",
    "packages": [
        {
            "name": "comeonfox/phly-blog",
            "version": "dev-master",
            "source": {
                "type": "git",
                "url": "https://github.com/comeonfox/PhlyBlog",
                "reference": "524203af2ebc20aceda742efb40a1eadb9a6e5d0"
            },
            "dist": {
                "type": "zip",
                "url": "https://github.com/comeonfox/PhlyBlog/archive/524203af2ebc20aceda742efb40a1eadb9a6e5d0.zip",
                "reference": "524203af2ebc20aceda742efb40a1eadb9a6e5d0",
                "shasum": ""
            },
            "require": {
                "php": ">=5.3.3",
                "zendframework/zendframework": "2.*",
                "comeonfox/phly-common": "dev-master"
            },
            "time": "2012-11-28 13:39:58",
            "type": "library",
            "installation-source": "source",
            "autoload": {
                "psr-0": {
                    "PhlyBlog": "src/"
                },
                "classmap": [
                    "./"
                ]
            },
            "authors": [
                {
                    "name": "Matthew Weier O'Phinney",
                    "email": "matthew@weierophinney.net",
                    "homepage": "http://mwop.net/"
                }
            ],
            "description": "ZF2 Module implementing a static blog generator",
            "homepage": "https://github.com/weierophinney/PhlyBlog",
            "keywords": [
                "blog",
                "zend",
                "zf2",
                "module"
            ]
        },
        {
            "name": "comeonfox/phly-common",
            "version": "dev-master",
            "source": {
                "type": "git",
                "url": "https://github.com/comeonfox/PhlyCommon",
                "reference": "5b88a14273166390feca3f47e17b481386e5d483"
            },
            "dist": {
                "type": "zip",
                "url": "https://github.com/comeonfox/PhlyCommon/archive/5b88a14273166390feca3f47e17b481386e5d483.zip",
                "reference": "5b88a14273166390feca3f47e17b481386e5d483",
                "shasum": ""
            },
            "require": {
                "php": ">=5.3.3",
                "zendframework/zendframework": "2.0.*"
            },
            "time": "2012-11-28 13:40:35",
            "type": "library",
            "installation-source": "source",
            "autoload": {
                "psr-0": {
                    "PhlyCommon": "src/"
                },
                "classmap": [
                    "./"
                ]
            },
            "authors": [
                {
                    "name": "Matthew Weier O'Phinney",
                    "email": "matthew@weierophinney.net",
                    "homepage": "http://mwop.net/"
                }
            ],
            "description": "A set of interfaces and generic classes used across various Phly modules.",
            "homepage": "https://github.com/weierophinney/PhlyCommon",
            "keywords": [
                "zend",
                "zf2",
                "module"
            ]
        },
        {
            "name": "zendframework/zendframework",
            "version": "2.0.4",
            "source": {
                "type": "git",
                "url": "git://github.com/zendframework/zf2.git",
                "reference": "release-2.0.4"
            },
            "dist": {
                "type": "zip",
                "url": "https://github.com/zendframework/zf2/archive/release-2.0.4.zip",
                "reference": "release-2.0.4",
                "shasum": ""
            },
            "require": {
                "php": ">=5.3.3"
            },
            "replace": {
                "zendframework/zend-acl": "self.version",
                "zendframework/zend-authentication": "self.version",
                "zendframework/zend-barcode": "self.version",
                "zendframework/zend-cache": "self.version",
                "zendframework/zend-captcha": "self.version",
                "zendframework/zend-code": "self.version",
                "zendframework/zend-config": "self.version",
                "zendframework/zend-console": "self.version",
                "zendframework/zend-crypt": "self.version",
                "zendframework/zend-db": "self.version",
                "zendframework/zend-di": "self.version",
                "zendframework/zend-dom": "self.version",
                "zendframework/zend-escaper": "self.version",
                "zendframework/zend-eventmanager": "self.version",
                "zendframework/zend-feed": "self.version",
                "zendframework/zend-file": "self.version",
                "zendframework/zend-filter": "self.version",
                "zendframework/zend-form": "self.version",
                "zendframework/zend-http": "self.version",
                "zendframework/zend-i18n": "self.version",
                "zendframework/zend-inputfilter": "self.version",
                "zendframework/zend-json": "self.version",
                "zendframework/zend-ldap": "self.version",
                "zendframework/zend-loader": "self.version",
                "zendframework/zend-log": "self.version",
                "zendframework/zend-mail": "self.version",
                "zendframework/zend-markup": "self.version",
                "zendframework/zend-math": "self.version",
                "zendframework/zend-memory": "self.version",
                "zendframework/zend-mime": "self.version",
                "zendframework/zend-modulemanager": "self.version",
                "zendframework/zend-mvc": "self.version",
                "zendframework/zend-navigation": "self.version",
                "zendframework/zend-paginator": "self.version",
                "zendframework/zend-progressbar": "self.version",
                "zendframework/zend-serializer": "self.version",
                "zendframework/zend-server": "self.version",
                "zendframework/zend-servicemanager": "self.version",
                "zendframework/zend-session": "self.version",
                "zendframework/zend-soap": "self.version",
                "zendframework/zend-stdlib": "self.version",
                "zendframework/zend-tag": "self.version",
                "zendframework/zend-text": "self.version",
                "zendframework/zend-uri": "self.version",
                "zendframework/zend-validator": "self.version",
                "zendframework/zend-view": "self.version",
                "zendframework/zend-xmlrpc": "self.version"
            },
            "require-dev": {
                "doctrine/common": ">=2.1",
                "phpunit/phpunit": "3.7.*"
            },
            "suggest": {
                "doctrine/common": "Doctrine\\Common >=2.1 for annotation features",
                "ext-intl": "ext/intl for i18n features",
                "pecl-weakref": "Implementation of weak references for Zend\\Stdlib\\CallbackHandler",
                "zendframework/zendpdf": "ZendPdf for creating PDF representations of barcodes",
                "zendframework/zendservice-recaptcha": "ZendService\\ReCaptcha for rendering ReCaptchas in Zend\\Captcha and/or Zend\\Form"
            },
            "time": "2012-11-20 21:14:29",
            "bin": [
                "bin/classmap_generator.php"
            ],
            "type": "library",
            "extra": {
                "branch-alias": {
                    "dev-master": "2.0-dev",
                    "dev-develop": "2.1-dev"
                }
            },
            "installation-source": "dist",
            "autoload": {
                "psr-0": {
                    "Zend\\": "library/",
                    "ZendTest\\": "tests/"
                }
            },
            "license": [
                "BSD-3-Clause"
            ],
            "description": "Zend Framework 2",
            "homepage": "http://framework.zend.com/",
            "keywords": [
                "framework",
                "zf2"
            ]
        }
    ],
    "packages-dev": null,
    "aliases": [

    ],
    "minimum-stability": "stable",
    "stability-flags": {
        "comeonfox/phly-blog": 20,
        "comeonfox/phly-common": 20
    }
}
